// !$*UTF8*$!
{
	archiveVersion = 1;
	classes = {
	};
	objectVersion = 46;
	objects = {

/* Begin PBXBuildFile section */
		317489471B0272E800860422 /* CollectionViewController.swift in Sources */ = {isa = PBXBuildFile; fileRef = 317489461B0272E800860422 /* CollectionViewController.swift */; };
		3174894D1B02DABF00860422 /* cookie.gif in Resources */ = {isa = PBXBuildFile; fileRef = 3174894C1B02DABF00860422 /* cookie.gif */; };
		3174894F1B02DB0A00860422 /* choco.png in Resources */ = {isa = PBXBuildFile; fileRef = 3174894E1B02DB0A00860422 /* choco.png */; };
		317489511B02DE8D00860422 /* cookie.png in Resources */ = {isa = PBXBuildFile; fileRef = 317489501B02DE8D00860422 /* cookie.png */; };
		317489531B02E31400860422 /* CollectionViewCell.swift in Sources */ = {isa = PBXBuildFile; fileRef = 317489521B02E31400860422 /* CollectionViewCell.swift */; };
		CB20B61D1AFD076A000FE355 /* AppDelegate.swift in Sources */ = {isa = PBXBuildFile; fileRef = CB20B61C1AFD076A000FE355 /* AppDelegate.swift */; };
		CB20B61F1AFD076A000FE355 /* ViewController.swift in Sources */ = {isa = PBXBuildFile; fileRef = CB20B61E1AFD076A000FE355 /* ViewController.swift */; };
		CB20B6221AFD076A000FE355 /* Main.storyboard in Resources */ = {isa = PBXBuildFile; fileRef = CB20B6201AFD076A000FE355 /* Main.storyboard */; };
		CB20B6241AFD076A000FE355 /* Images.xcassets in Resources */ = {isa = PBXBuildFile; fileRef = CB20B6231AFD076A000FE355 /* Images.xcassets */; };
		CB20B6271AFD076A000FE355 /* LaunchScreen.xib in Resources */ = {isa = PBXBuildFile; fileRef = CB20B6251AFD076A000FE355 /* LaunchScreen.xib */; };
		CB20B6331AFD076A000FE355 /* Imbedded_Web_TestbedTests.swift in Sources */ = {isa = PBXBuildFile; fileRef = CB20B6321AFD076A000FE355 /* Imbedded_Web_TestbedTests.swift */; };
		CB89FA191AFD6C85007E2847 /* example.html in Resources */ = {isa = PBXBuildFile; fileRef = CB89FA181AFD6C85007E2847 /* example.html */; };
		CB89FA1B1AFD6C8F007E2847 /* example.css in Resources */ = {isa = PBXBuildFile; fileRef = CB89FA1A1AFD6C8F007E2847 /* example.css */; };
		CB89FA1D1AFD6CA2007E2847 /* example.js in Resources */ = {isa = PBXBuildFile; fileRef = CB89FA1C1AFD6CA2007E2847 /* example.js */; };
		CB89FA1F1AFD734A007E2847 /* jquery-2.1.4.js in Resources */ = {isa = PBXBuildFile; fileRef = CB89FA1E1AFD734A007E2847 /* jquery-2.1.4.js */; };
		CB9AC3C61B02F1DA00362CF6 /* CollectionViewCell.xib in Resources */ = {isa = PBXBuildFile; fileRef = CB9AC3C51B02F1DA00362CF6 /* CollectionViewCell.xib */; };
/* End PBXBuildFile section */

/* Begin PBXContainerItemProxy section */
		CB20B62D1AFD076A000FE355 /* PBXContainerItemProxy */ = {
			isa = PBXContainerItemProxy;
			containerPortal = CB20B60F1AFD076A000FE355 /* Project object */;
			proxyType = 1;
			remoteGlobalIDString = CB20B6161AFD076A000FE355;
			remoteInfo = "Imbedded Web Testbed";
		};
/* End PBXContainerItemProxy section */

/* Begin PBXFileReference section */
		317489461B0272E800860422 /* CollectionViewController.swift */ = {isa = PBXFileReference; fileEncoding = 4; lastKnownFileType = sourcecode.swift; path = CollectionViewController.swift; sourceTree = "<group>"; };
		3174894C1B02DABF00860422 /* cookie.gif */ = {isa = PBXFileReference; lastKnownFileType = image.gif; name = cookie.gif; path = Images.xcassets/cookie.gif; sourceTree = "<group>"; };
		3174894E1B02DB0A00860422 /* choco.png */ = {isa = PBXFileReference; lastKnownFileType = image.png; name = choco.png; path = Images.xcassets/choco.png; sourceTree = "<group>"; };
		317489501B02DE8D00860422 /* cookie.png */ = {isa = PBXFileReference; lastKnownFileType = image.png; name = cookie.png; path = Images.xcassets/cookie.png; sourceTree = "<group>"; };
		317489521B02E31400860422 /* CollectionViewCell.swift */ = {isa = PBXFileReference; fileEncoding = 4; lastKnownFileType = sourcecode.swift; name = CollectionViewCell.swift; path = ../CollectionViewCell.swift; sourceTree = "<group>"; };
		CB20B6171AFD076A000FE355 /* Imbedded Web Testbed.app */ = {isa = PBXFileReference; explicitFileType = wrapper.application; includeInIndex = 0; path = "Imbedded Web Testbed.app"; sourceTree = BUILT_PRODUCTS_DIR; };
		CB20B61B1AFD076A000FE355 /* Info.plist */ = {isa = PBXFileReference; lastKnownFileType = text.plist.xml; path = Info.plist; sourceTree = "<group>"; };
		CB20B61C1AFD076A000FE355 /* AppDelegate.swift */ = {isa = PBXFileReference; lastKnownFileType = sourcecode.swift; path = AppDelegate.swift; sourceTree = "<group>"; };
		CB20B61E1AFD076A000FE355 /* ViewController.swift */ = {isa = PBXFileReference; lastKnownFileType = sourcecode.swift; path = ViewController.swift; sourceTree = "<group>"; };
		CB20B6211AFD076A000FE355 /* Base */ = {isa = PBXFileReference; lastKnownFileType = file.storyboard; name = Base; path = Base.lproj/Main.storyboard; sourceTree = "<group>"; };
		CB20B6231AFD076A000FE355 /* Images.xcassets */ = {isa = PBXFileReference; lastKnownFileType = folder.assetcatalog; path = Images.xcassets; sourceTree = "<group>"; };
		CB20B6261AFD076A000FE355 /* Base */ = {isa = PBXFileReference; lastKnownFileType = file.xib; name = Base; path = Base.lproj/LaunchScreen.xib; sourceTree = "<group>"; };
		CB20B62C1AFD076A000FE355 /* Imbedded Web TestbedTests.xctest */ = {isa = PBXFileReference; explicitFileType = wrapper.cfbundle; includeInIndex = 0; path = "Imbedded Web TestbedTests.xctest"; sourceTree = BUILT_PRODUCTS_DIR; };
		CB20B6311AFD076A000FE355 /* Info.plist */ = {isa = PBXFileReference; lastKnownFileType = text.plist.xml; path = Info.plist; sourceTree = "<group>"; };
		CB20B6321AFD076A000FE355 /* Imbedded_Web_TestbedTests.swift */ = {isa = PBXFileReference; lastKnownFileType = sourcecode.swift; path = Imbedded_Web_TestbedTests.swift; sourceTree = "<group>"; };
		CB89FA181AFD6C85007E2847 /* example.html */ = {isa = PBXFileReference; fileEncoding = 4; lastKnownFileType = text.html; path = example.html; sourceTree = "<group>"; };
		CB89FA1A1AFD6C8F007E2847 /* example.css */ = {isa = PBXFileReference; fileEncoding = 4; lastKnownFileType = text.css; path = example.css; sourceTree = "<group>"; };
		CB89FA1C1AFD6CA2007E2847 /* example.js */ = {isa = PBXFileReference; fileEncoding = 4; lastKnownFileType = sourcecode.javascript; path = example.js; sourceTree = "<group>"; };
		CB89FA1E1AFD734A007E2847 /* jquery-2.1.4.js */ = {isa = PBXFileReference; fileEncoding = 4; lastKnownFileType = sourcecode.javascript; path = "jquery-2.1.4.js"; sourceTree = "<group>"; };
		CB9AC3C51B02F1DA00362CF6 /* CollectionViewCell.xib */ = {isa = PBXFileReference; fileEncoding = 4; lastKnownFileType = file.xib; name = CollectionViewCell.xib; path = ../CollectionViewCell.xib; sourceTree = "<group>"; };
/* End PBXFileReference section */

/* Begin PBXFrameworksBuildPhase section */
		CB20B6141AFD076A000FE355 /* Frameworks */ = {
			isa = PBXFrameworksBuildPhase;
			buildActionMask = 2147483647;
			files = (
			);
			runOnlyForDeploymentPostprocessing = 0;
		};
		CB20B6291AFD076A000FE355 /* Frameworks */ = {
			isa = PBXFrameworksBuildPhase;
			buildActionMask = 2147483647;
			files = (
			);
			runOnlyForDeploymentPostprocessing = 0;
		};
/* End PBXFrameworksBuildPhase section */

/* Begin PBXGroup section */
		CB20B60E1AFD076A000FE355 = {
			isa = PBXGroup;
			children = (
				CB20B6191AFD076A000FE355 /* Imbedded Web Testbed */,
				CB20B62F1AFD076A000FE355 /* Imbedded Web TestbedTests */,
				CB20B6181AFD076A000FE355 /* Products */,
			);
			sourceTree = "<group>";
		};
		CB20B6181AFD076A000FE355 /* Products */ = {
			isa = PBXGroup;
			children = (
				CB20B6171AFD076A000FE355 /* Imbedded Web Testbed.app */,
				CB20B62C1AFD076A000FE355 /* Imbedded Web TestbedTests.xctest */,
			);
			name = Products;
			sourceTree = "<group>";
		};
		CB20B6191AFD076A000FE355 /* Imbedded Web Testbed */ = {
			isa = PBXGroup;
			children = (
				CB20B61C1AFD076A000FE355 /* AppDelegate.swift */,
				CB20B61E1AFD076A000FE355 /* ViewController.swift */,
				CB20B6201AFD076A000FE355 /* Main.storyboard */,
				317489461B0272E800860422 /* CollectionViewController.swift */,
				317489521B02E31400860422 /* CollectionViewCell.swift */,
				CB9AC3C51B02F1DA00362CF6 /* CollectionViewCell.xib */,
				CB20B6231AFD076A000FE355 /* Images.xcassets */,
				317489501B02DE8D00860422 /* cookie.png */,
				3174894E1B02DB0A00860422 /* choco.png */,
				3174894C1B02DABF00860422 /* cookie.gif */,
				CB20B6251AFD076A000FE355 /* LaunchScreen.xib */,
				CBB962811AFD5A13001D8366 /* webRes */,
				CB20B61A1AFD076A000FE355 /* Supporting Files */,
			);
			path = "Imbedded Web Testbed";
			sourceTree = "<group>";
		};
		CB20B61A1AFD076A000FE355 /* Supporting Files */ = {
			isa = PBXGroup;
			children = (
				CB20B61B1AFD076A000FE355 /* Info.plist */,
			);
			name = "Supporting Files";
			sourceTree = "<group>";
		};
		CB20B62F1AFD076A000FE355 /* Imbedded Web TestbedTests */ = {
			isa = PBXGroup;
			children = (
				CB20B6321AFD076A000FE355 /* Imbedded_Web_TestbedTests.swift */,
				CB20B6301AFD076A000FE355 /* Supporting Files */,
			);
			path = "Imbedded Web TestbedTests";
			sourceTree = "<group>";
		};
		CB20B6301AFD076A000FE355 /* Supporting Files */ = {
			isa = PBXGroup;
			children = (
				CB20B6311AFD076A000FE355 /* Info.plist */,
			);
			name = "Supporting Files";
			sourceTree = "<group>";
		};
		CBB962811AFD5A13001D8366 /* webRes */ = {
			isa = PBXGroup;
			children = (
				CB89FA1E1AFD734A007E2847 /* jquery-2.1.4.js */,
				CB89FA181AFD6C85007E2847 /* example.html */,
				CB89FA1A1AFD6C8F007E2847 /* example.css */,
				CB89FA1C1AFD6CA2007E2847 /* example.js */,
			);
			path = webRes;
			sourceTree = "<group>";
		};
/* End PBXGroup section */

/* Begin PBXNativeTarget section */
		CB20B6161AFD076A000FE355 /* Imbedded Web Testbed */ = {
			isa = PBXNativeTarget;
			buildConfigurationList = CB20B6361AFD076A000FE355 /* Build configuration list for PBXNativeTarget "Imbedded Web Testbed" */;
			buildPhases = (
				CB20B6131AFD076A000FE355 /* Sources */,
				CB20B6141AFD076A000FE355 /* Frameworks */,
				CB20B6151AFD076A000FE355 /* Resources */,
			);
			buildRules = (
			);
			dependencies = (
			);
			name = "Imbedded Web Testbed";
			productName = "Imbedded Web Testbed";
			productReference = CB20B6171AFD076A000FE355 /* Imbedded Web Testbed.app */;
			productType = "com.apple.product-type.application";
		};
		CB20B62B1AFD076A000FE355 /* Imbedded Web TestbedTests */ = {
			isa = PBXNativeTarget;
			buildConfigurationList = CB20B6391AFD076A000FE355 /* Build configuration list for PBXNativeTarget "Imbedded Web TestbedTests" */;
			buildPhases = (
				CB20B6281AFD076A000FE355 /* Sources */,
				CB20B6291AFD076A000FE355 /* Frameworks */,
				CB20B62A1AFD076A000FE355 /* Resources */,
			);
			buildRules = (
			);
			dependencies = (
				CB20B62E1AFD076A000FE355 /* PBXTargetDependency */,
			);
			name = "Imbedded Web TestbedTests";
			productName = "Imbedded Web TestbedTests";
			productReference = CB20B62C1AFD076A000FE355 /* Imbedded Web TestbedTests.xctest */;
			productType = "com.apple.product-type.bundle.unit-test";
		};
/* End PBXNativeTarget section */

/* Begin PBXProject section */
		CB20B60F1AFD076A000FE355 /* Project object */ = {
			isa = PBXProject;
			attributes = {
				LastUpgradeCheck = 0630;
				ORGANIZATIONNAME = YoungChefs;
				TargetAttributes = {
					CB20B6161AFD076A000FE355 = {
						CreatedOnToolsVersion = 6.3.1;
						DevelopmentTeam = WNZEWX34Q6;
					};
					CB20B62B1AFD076A000FE355 = {
						CreatedOnToolsVersion = 6.3.1;
						TestTargetID = CB20B6161AFD076A000FE355;
					};
				};
			};
			buildConfigurationList = CB20B6121AFD076A000FE355 /* Build configuration list for PBXProject "Imbedded Web Testbed" */;
			compatibilityVersion = "Xcode 3.2";
			developmentRegion = English;
			hasScannedForEncodings = 0;
			knownRegions = (
				en,
				Base,
			);
			mainGroup = CB20B60E1AFD076A000FE355;
			productRefGroup = CB20B6181AFD076A000FE355 /* Products */;
			projectDirPath = "";
			projectRoot = "";
			targets = (
				CB20B6161AFD076A000FE355 /* Imbedded Web Testbed */,
				CB20B62B1AFD076A000FE355 /* Imbedded Web TestbedTests */,
			);
		};
/* End PBXProject section */

/* Begin PBXResourcesBuildPhase section */
		CB20B6151AFD076A000FE355 /* Resources */ = {
			isa = PBXResourcesBuildPhase;
			buildActionMask = 2147483647;
			files = (
				3174894F1B02DB0A00860422 /* choco.png in Resources */,
				3174894D1B02DABF00860422 /* cookie.gif in Resources */,
				CB89FA1F1AFD734A007E2847 /* jquery-2.1.4.js in Resources */,
				CB20B6221AFD076A000FE355 /* Main.storyboard in Resources */,
				CB9AC3C61B02F1DA00362CF6 /* CollectionViewCell.xib in Resources */,
				CB89FA1B1AFD6C8F007E2847 /* example.css in Resources */,
				CB89FA191AFD6C85007E2847 /* example.html in Resources */,
				CB89FA1D1AFD6CA2007E2847 /* example.js in Resources */,
				CB20B6271AFD076A000FE355 /* LaunchScreen.xib in Resources */,
				CB20B6241AFD076A000FE355 /* Images.xcassets in Resources */,
				317489511B02DE8D00860422 /* cookie.png in Resources */,
			);
			runOnlyForDeploymentPostprocessing = 0;
		};
		CB20B62A1AFD076A000FE355 /* Resources */ = {
			isa = PBXResourcesBuildPhase;
			buildActionMask = 2147483647;
			files = (
			);
			runOnlyForDeploymentPostprocessing = 0;
		};
/* End PBXResourcesBuildPhase section */

/* Begin PBXSourcesBuildPhase section */
		CB20B6131AFD076A000FE355 /* Sources */ = {
			isa = PBXSourcesBuildPhase;
			buildActionMask = 2147483647;
			files = (
				317489471B0272E800860422 /* CollectionViewController.swift in Sources */,
				CB20B61F1AFD076A000FE355 /* ViewController.swift in Sources */,
				317489531B02E31400860422 /* CollectionViewCell.swift in Sources */,
				CB20B61D1AFD076A000FE355 /* AppDelegate.swift in Sources */,
			);
			runOnlyForDeploymentPostprocessing = 0;
		};
		CB20B6281AFD076A000FE355 /* Sources */ = {
			isa = PBXSourcesBuildPhase;
			buildActionMask = 2147483647;
			files = (
				CB20B6331AFD076A000FE355 /* Imbedded_Web_TestbedTests.swift in Sources */,
			);
			runOnlyForDeploymentPostprocessing = 0;
		};
/* End PBXSourcesBuildPhase section */

/* Begin PBXTargetDependency section */
		CB20B62E1AFD076A000FE355 /* PBXTargetDependency */ = {
			isa = PBXTargetDependency;
			target = CB20B6161AFD076A000FE355 /* Imbedded Web Testbed */;
			targetProxy = CB20B62D1AFD076A000FE355 /* PBXContainerItemProxy */;
		};
/* End PBXTargetDependency section */

/* Begin PBXVariantGroup section */
		CB20B6201AFD076A000FE355 /* Main.storyboard */ = {
			isa = PBXVariantGroup;
			children = (
				CB20B6211AFD076A000FE355 /* Base */,
			);
			name = Main.storyboard;
			sourceTree = "<group>";
		};
		CB20B6251AFD076A000FE355 /* LaunchScreen.xib */ = {
			isa = PBXVariantGroup;
			children = (
				CB20B6261AFD076A000FE355 /* Base */,
			);
			name = LaunchScreen.xib;
			sourceTree = "<group>";
		};
/* End PBXVariantGroup section */

/* Begin XCBuildConfiguration section */
		CB20B6341AFD076A000FE355 /* Debug */ = {
			isa = XCBuildConfiguration;
			buildSettings = {
				ALWAYS_SEARCH_USER_PATHS = NO;
				CLANG_CXX_LANGUAGE_STANDARD = "gnu++0x";
				CLANG_CXX_LIBRARY = "libc++";
				CLANG_ENABLE_MODULES = YES;
				CLANG_ENABLE_OBJC_ARC = YES;
				CLANG_WARN_BOOL_CONVERSION = YES;
				CLANG_WARN_CONSTANT_CONVERSION = YES;
				CLANG_WARN_DIRECT_OBJC_ISA_USAGE = YES_ERROR;
				CLANG_WARN_EMPTY_BODY = YES;
				CLANG_WARN_ENUM_CONVERSION = YES;
				CLANG_WARN_INT_CONVERSION = YES;
				CLANG_WARN_OBJC_ROOT_CLASS = YES_ERROR;
				CLANG_WARN_UNREACHABLE_CODE = YES;
				CLANG_WARN__DUPLICATE_METHOD_MATCH = YES;
				"CODE_SIGN_IDENTITY[sdk=iphoneos*]" = "iPhone Developer";
				COPY_PHASE_STRIP = NO;
				DEBUG_INFORMATION_FORMAT = "dwarf-with-dsym";
				ENABLE_STRICT_OBJC_MSGSEND = YES;
				GCC_C_LANGUAGE_STANDARD = gnu99;
				GCC_DYNAMIC_NO_PIC = NO;
				GCC_NO_COMMON_BLOCKS = YES;
				GCC_OPTIMIZATION_LEVEL = 0;
				GCC_PREPROCESSOR_DEFINITIONS = (
					"DEBUG=1",
					"$(inherited)",
				);
				GCC_SYMBOLS_PRIVATE_EXTERN = NO;
				GCC_WARN_64_TO_32_BIT_CONVERSION = YES;
				GCC_WARN_ABOUT_RETURN_TYPE = YES_ERROR;
				GCC_WARN_UNDECLARED_SELECTOR = YES;
				GCC_WARN_UNINITIALIZED_AUTOS = YES_AGGRESSIVE;
				GCC_WARN_UNUSED_FUNCTION = YES;
				GCC_WARN_UNUSED_VARIABLE = YES;
				IPHONEOS_DEPLOYMENT_TARGET = 8.3;
				MTL_ENABLE_DEBUG_INFO = YES;
				ONLY_ACTIVE_ARCH = YES;
				SDKROOT = iphoneos;
				SWIFT_OPTIMIZATION_LEVEL = "-Onone";
				TARGETED_DEVICE_FAMILY = 2;
			};
			name = Debug;
		};
		CB20B6351AFD076A000FE355 /* Release */ = {
			isa = XCBuildConfiguration;
			buildSettings = {
				ALWAYS_SEARCH_USER_PATHS = NO;
				CLANG_CXX_LANGUAGE_STANDARD = "gnu++0x";
				CLANG_CXX_LIBRARY = "libc++";
				CLANG_ENABLE_MODULES = YES;
				CLANG_ENABLE_OBJC_ARC = YES;
				CLANG_WARN_BOOL_CONVERSION = YES;
				CLANG_WARN_CONSTANT_CONVERSION = YES;
				CLANG_WARN_DIRECT_OBJC_ISA_USAGE = YES_ERROR;
				CLANG_WARN_EMPTY_BODY = YES;
				CLANG_WARN_ENUM_CONVERSION = YES;
				CLANG_WARN_INT_CONVERSION = YES;
				CLANG_WARN_OBJC_ROOT_CLASS = YES_ERROR;
				CLANG_WARN_UNREACHABLE_CODE = YES;
				CLANG_WARN__DUPLICATE_METHOD_MATCH = YES;
				"CODE_SIGN_IDENTITY[sdk=iphoneos*]" = "iPhone Developer";
				COPY_PHASE_STRIP = NO;
				DEBUG_INFORMATION_FORMAT = "dwarf-with-dsym";
				ENABLE_NS_ASSERTIONS = NO;
				ENABLE_STRICT_OBJC_MSGSEND = YES;
				GCC_C_LANGUAGE_STANDARD = gnu99;
				GCC_NO_COMMON_BLOCKS = YES;
				GCC_WARN_64_TO_32_BIT_CONVERSION = YES;
				GCC_WARN_ABOUT_RETURN_TYPE = YES_ERROR;
				GCC_WARN_UNDECLARED_SELECTOR = YES;
				GCC_WARN_UNINITIALIZED_AUTOS = YES_AGGRESSIVE;
				GCC_WARN_UNUSED_FUNCTION = YES;
				GCC_WARN_UNUSED_VARIABLE = YES;
				IPHONEOS_DEPLOYMENT_TARGET = 8.3;
				MTL_ENABLE_DEBUG_INFO = NO;
				SDKROOT = iphoneos;
				TARGETED_DEVICE_FAMILY = 2;
				VALIDATE_PRODUCT = YES;
			};
			name = Release;
		};
		CB20B6371AFD076A000FE355 /* Debug */ = {
			isa = XCBuildConfiguration;
			buildSettings = {
				ASSETCATALOG_COMPILER_APPICON_NAME = AppIcon;
				ASSETCATALOG_COMPILER_LAUNCHIMAGE_NAME = LaunchImage;
				CODE_SIGN_IDENTITY = "iPhone Developer";
				INFOPLIST_FILE = "Imbedded Web Testbed/Info.plist";
				LD_RUNPATH_SEARCH_PATHS = "$(inherited) @executable_path/Frameworks";
				PRODUCT_NAME = "$(TARGET_NAME)";
			};
			name = Debug;
		};
		CB20B6381AFD076A000FE355 /* Release */ = {
			isa = XCBuildConfiguration;
			buildSettings = {
				ASSETCATALOG_COMPILER_APPICON_NAME = AppIcon;
				ASSETCATALOG_COMPILER_LAUNCHIMAGE_NAME = LaunchImage;
				CODE_SIGN_IDENTITY = "iPhone Developer";
				INFOPLIST_FILE = "Imbedded Web Testbed/Info.plist";
				LD_RUNPATH_SEARCH_PATHS = "$(inherited) @executable_path/Frameworks";
				PRODUCT_NAME = "$(TARGET_NAME)";
			};
			name = Release;
		};
		CB20B63A1AFD076A000FE355 /* Debug */ = {
			isa = XCBuildConfiguration;
			buildSettings = {
				BUNDLE_LOADER = "$(TEST_HOST)";
				FRAMEWORK_SEARCH_PATHS = (
					"$(SDKROOT)/Developer/Library/Frameworks",
					"$(inherited)",
				);
				GCC_PREPROCESSOR_DEFINITIONS = (
					"DEBUG=1",
					"$(inherited)",
				);
				INFOPLIST_FILE = "Imbedded Web TestbedTests/Info.plist";
				LD_RUNPATH_SEARCH_PATHS = "$(inherited) @executable_path/Frameworks @loader_path/Frameworks";
				PRODUCT_NAME = "$(TARGET_NAME)";
				TEST_HOST = "$(BUILT_PRODUCTS_DIR)/Imbedded Web Testbed.app/Imbedded Web Testbed";
			};
			name = Debug;
		};
		CB20B63B1AFD076A000FE355 /* Release */ = {
			isa = XCBuildConfiguration;
			buildSettings = {
				BUNDLE_LOADER = "$(TEST_HOST)";
				FRAMEWORK_SEARCH_PATHS = (
					"$(SDKROOT)/Developer/Library/Frameworks",
					"$(inherited)",
				);
				INFOPLIST_FILE = "Imbedded Web TestbedTests/Info.plist";
				LD_RUNPATH_SEARCH_PATHS = "$(inherited) @executable_path/Frameworks @loader_path/Frameworks";
				PRODUCT_NAME = "$(TARGET_NAME)";
				TEST_HOST = "$(BUILT_PRODUCTS_DIR)/Imbedded Web Testbed.app/Imbedded Web Testbed";
			};
			name = Release;
		};
/* End XCBuildConfiguration section */

/* Begin XCConfigurationList section */
		CB20B6121AFD076A000FE355 /* Build configuration list for PBXProject "Imbedded Web Testbed" */ = {
			isa = XCConfigurationList;
			buildConfigurations = (
				CB20B6341AFD076A000FE355 /* Debug */,
				CB20B6351AFD076A000FE355 /* Release */,
			);
			defaultConfigurationIsVisible = 0;
			defaultConfigurationName = Release;
		};
		CB20B6361AFD076A000FE355 /* Build configuration list for PBXNativeTarget "Imbedded Web Testbed" */ = {
			isa = XCConfigurationList;
			buildConfigurations = (
				CB20B6371AFD076A000FE355 /* Debug */,
				CB20B6381AFD076A000FE355 /* Release */,
			);
			defaultConfigurationIsVisible = 0;
			defaultConfigurationName = Release;
		};
		CB20B6391AFD076A000FE355 /* Build configuration list for PBXNativeTarget "Imbedded Web TestbedTests" */ = {
			isa = XCConfigurationList;
			buildConfigurations = (
				CB20B63A1AFD076A000FE355 /* Debug */,
				CB20B63B1AFD076A000FE355 /* Release */,
			);
			defaultConfigurationIsVisible = 0;
			defaultConfigurationName = Release;
		};
/* End XCConfigurationList section */
	};
	rootObject = CB20B60F1AFD076A000FE355 /* Project object */;
}
