// !$*UTF8*$!
{
	archiveVersion = 1;
	classes = {
	};
	objectVersion = 46;
	objects = {

/* Begin PBXBuildFile section */
		CBA126241B03C368001C2488 /* AppDelegate.swift in Sources */ = {isa = PBXBuildFile; fileRef = CBA126231B03C368001C2488 /* AppDelegate.swift */; };
		CBA126291B03C368001C2488 /* Main.storyboard in Resources */ = {isa = PBXBuildFile; fileRef = CBA126271B03C368001C2488 /* Main.storyboard */; };
		CBA1262B1B03C368001C2488 /* Images.xcassets in Resources */ = {isa = PBXBuildFile; fileRef = CBA1262A1B03C368001C2488 /* Images.xcassets */; };
		CBA1262E1B03C368001C2488 /* LaunchScreen.xib in Resources */ = {isa = PBXBuildFile; fileRef = CBA1262C1B03C368001C2488 /* LaunchScreen.xib */; };
		CBA1263A1B03C368001C2488 /* Young_ChefsTests.swift in Sources */ = {isa = PBXBuildFile; fileRef = CBA126391B03C368001C2488 /* Young_ChefsTests.swift */; };
		CBA126441B03C41F001C2488 /* HomeViewController.swift in Sources */ = {isa = PBXBuildFile; fileRef = CBA126431B03C41F001C2488 /* HomeViewController.swift */; };
		CBA126461B03C4CC001C2488 /* ExperimentViewController.swift in Sources */ = {isa = PBXBuildFile; fileRef = CBA126451B03C4CC001C2488 /* ExperimentViewController.swift */; };
		CBA126491B03C5DB001C2488 /* HomeCollectionViewCell.swift in Sources */ = {isa = PBXBuildFile; fileRef = CBA126471B03C5DB001C2488 /* HomeCollectionViewCell.swift */; };
		CBA1264A1B03C5DB001C2488 /* HomeCollectionViewCell.xib in Resources */ = {isa = PBXBuildFile; fileRef = CBA126481B03C5DB001C2488 /* HomeCollectionViewCell.xib */; };
/* End PBXBuildFile section */

/* Begin PBXContainerItemProxy section */
		CBA126341B03C368001C2488 /* PBXContainerItemProxy */ = {
			isa = PBXContainerItemProxy;
			containerPortal = CBA126161B03C368001C2488 /* Project object */;
			proxyType = 1;
			remoteGlobalIDString = CBA1261D1B03C368001C2488;
			remoteInfo = "Young Chefs";
		};
/* End PBXContainerItemProxy section */

/* Begin PBXFileReference section */
		CBA1261E1B03C368001C2488 /* Young Chefs.app */ = {isa = PBXFileReference; explicitFileType = wrapper.application; includeInIndex = 0; path = "Young Chefs.app"; sourceTree = BUILT_PRODUCTS_DIR; };
		CBA126221B03C368001C2488 /* Info.plist */ = {isa = PBXFileReference; lastKnownFileType = text.plist.xml; path = Info.plist; sourceTree = "<group>"; };
		CBA126231B03C368001C2488 /* AppDelegate.swift */ = {isa = PBXFileReference; lastKnownFileType = sourcecode.swift; path = AppDelegate.swift; sourceTree = "<group>"; };
		CBA126281B03C368001C2488 /* Base */ = {isa = PBXFileReference; lastKnownFileType = file.storyboard; name = Base; path = Base.lproj/Main.storyboard; sourceTree = "<group>"; };
		CBA1262A1B03C368001C2488 /* Images.xcassets */ = {isa = PBXFileReference; lastKnownFileType = folder.assetcatalog; path = Images.xcassets; sourceTree = "<group>"; };
		CBA1262D1B03C368001C2488 /* Base */ = {isa = PBXFileReference; lastKnownFileType = file.xib; name = Base; path = Base.lproj/LaunchScreen.xib; sourceTree = "<group>"; };
		CBA126331B03C368001C2488 /* Young ChefsTests.xctest */ = {isa = PBXFileReference; explicitFileType = wrapper.cfbundle; includeInIndex = 0; path = "Young ChefsTests.xctest"; sourceTree = BUILT_PRODUCTS_DIR; };
		CBA126381B03C368001C2488 /* Info.plist */ = {isa = PBXFileReference; lastKnownFileType = text.plist.xml; path = Info.plist; sourceTree = "<group>"; };
		CBA126391B03C368001C2488 /* Young_ChefsTests.swift */ = {isa = PBXFileReference; lastKnownFileType = sourcecode.swift; path = Young_ChefsTests.swift; sourceTree = "<group>"; };
		CBA126431B03C41F001C2488 /* HomeViewController.swift */ = {isa = PBXFileReference; fileEncoding = 4; lastKnownFileType = sourcecode.swift; path = HomeViewController.swift; sourceTree = "<group>"; };
		CBA126451B03C4CC001C2488 /* ExperimentViewController.swift */ = {isa = PBXFileReference; fileEncoding = 4; lastKnownFileType = sourcecode.swift; path = ExperimentViewController.swift; sourceTree = "<group>"; };
		CBA126471B03C5DB001C2488 /* HomeCollectionViewCell.swift */ = {isa = PBXFileReference; fileEncoding = 4; lastKnownFileType = sourcecode.swift; path = HomeCollectionViewCell.swift; sourceTree = "<group>"; };
		CBA126481B03C5DB001C2488 /* HomeCollectionViewCell.xib */ = {isa = PBXFileReference; fileEncoding = 4; lastKnownFileType = file.xib; path = HomeCollectionViewCell.xib; sourceTree = "<group>"; };
/* End PBXFileReference section */

/* Begin PBXFrameworksBuildPhase section */
		CBA1261B1B03C368001C2488 /* Frameworks */ = {
			isa = PBXFrameworksBuildPhase;
			buildActionMask = 2147483647;
			files = (
			);
			runOnlyForDeploymentPostprocessing = 0;
		};
		CBA126301B03C368001C2488 /* Frameworks */ = {
			isa = PBXFrameworksBuildPhase;
			buildActionMask = 2147483647;
			files = (
			);
			runOnlyForDeploymentPostprocessing = 0;
		};
/* End PBXFrameworksBuildPhase section */

/* Begin PBXGroup section */
		CBA126151B03C368001C2488 = {
			isa = PBXGroup;
			children = (
				CBA126201B03C368001C2488 /* Young Chefs */,
				CBA126361B03C368001C2488 /* Young ChefsTests */,
				CBA1261F1B03C368001C2488 /* Products */,
			);
			sourceTree = "<group>";
		};
		CBA1261F1B03C368001C2488 /* Products */ = {
			isa = PBXGroup;
			children = (
				CBA1261E1B03C368001C2488 /* Young Chefs.app */,
				CBA126331B03C368001C2488 /* Young ChefsTests.xctest */,
			);
			name = Products;
			sourceTree = "<group>";
		};
		CBA126201B03C368001C2488 /* Young Chefs */ = {
			isa = PBXGroup;
			children = (
				CBA126231B03C368001C2488 /* AppDelegate.swift */,
				CBA126431B03C41F001C2488 /* HomeViewController.swift */,
				CBA126451B03C4CC001C2488 /* ExperimentViewController.swift */,
				CBA126271B03C368001C2488 /* Main.storyboard */,
				CBA1262A1B03C368001C2488 /* Images.xcassets */,
				CBA1262C1B03C368001C2488 /* LaunchScreen.xib */,
				CBA126471B03C5DB001C2488 /* HomeCollectionViewCell.swift */,
				CBA126481B03C5DB001C2488 /* HomeCollectionViewCell.xib */,
				CBA126211B03C368001C2488 /* Supporting Files */,
			);
			path = "Young Chefs";
			sourceTree = "<group>";
		};
		CBA126211B03C368001C2488 /* Supporting Files */ = {
			isa = PBXGroup;
			children = (
				CBA126221B03C368001C2488 /* Info.plist */,
			);
			name = "Supporting Files";
			sourceTree = "<group>";
		};
		CBA126361B03C368001C2488 /* Young ChefsTests */ = {
			isa = PBXGroup;
			children = (
				CBA126391B03C368001C2488 /* Young_ChefsTests.swift */,
				CBA126371B03C368001C2488 /* Supporting Files */,
			);
			path = "Young ChefsTests";
			sourceTree = "<group>";
		};
		CBA126371B03C368001C2488 /* Supporting Files */ = {
			isa = PBXGroup;
			children = (
				CBA126381B03C368001C2488 /* Info.plist */,
			);
			name = "Supporting Files";
			sourceTree = "<group>";
		};
/* End PBXGroup section */

/* Begin PBXNativeTarget section */
		CBA1261D1B03C368001C2488 /* Young Chefs */ = {
			isa = PBXNativeTarget;
			buildConfigurationList = CBA1263D1B03C368001C2488 /* Build configuration list for PBXNativeTarget "Young Chefs" */;
			buildPhases = (
				CBA1261A1B03C368001C2488 /* Sources */,
				CBA1261B1B03C368001C2488 /* Frameworks */,
				CBA1261C1B03C368001C2488 /* Resources */,
			);
			buildRules = (
			);
			dependencies = (
			);
			name = "Young Chefs";
			productName = "Young Chefs";
			productReference = CBA1261E1B03C368001C2488 /* Young Chefs.app */;
			productType = "com.apple.product-type.application";
		};
		CBA126321B03C368001C2488 /* Young ChefsTests */ = {
			isa = PBXNativeTarget;
			buildConfigurationList = CBA126401B03C368001C2488 /* Build configuration list for PBXNativeTarget "Young ChefsTests" */;
			buildPhases = (
				CBA1262F1B03C368001C2488 /* Sources */,
				CBA126301B03C368001C2488 /* Frameworks */,
				CBA126311B03C368001C2488 /* Resources */,
			);
			buildRules = (
			);
			dependencies = (
				CBA126351B03C368001C2488 /* PBXTargetDependency */,
			);
			name = "Young ChefsTests";
			productName = "Young ChefsTests";
			productReference = CBA126331B03C368001C2488 /* Young ChefsTests.xctest */;
			productType = "com.apple.product-type.bundle.unit-test";
		};
/* End PBXNativeTarget section */

/* Begin PBXProject section */
		CBA126161B03C368001C2488 /* Project object */ = {
			isa = PBXProject;
			attributes = {
				LastUpgradeCheck = 0630;
				ORGANIZATIONNAME = "Young Chefs";
				TargetAttributes = {
					CBA1261D1B03C368001C2488 = {
						CreatedOnToolsVersion = 6.3.1;
					};
					CBA126321B03C368001C2488 = {
						CreatedOnToolsVersion = 6.3.1;
						TestTargetID = CBA1261D1B03C368001C2488;
					};
				};
			};
			buildConfigurationList = CBA126191B03C368001C2488 /* Build configuration list for PBXProject "Young Chefs" */;
			compatibilityVersion = "Xcode 3.2";
			developmentRegion = English;
			hasScannedForEncodings = 0;
			knownRegions = (
				en,
				Base,
			);
			mainGroup = CBA126151B03C368001C2488;
			productRefGroup = CBA1261F1B03C368001C2488 /* Products */;
			projectDirPath = "";
			projectRoot = "";
			targets = (
				CBA1261D1B03C368001C2488 /* Young Chefs */,
				CBA126321B03C368001C2488 /* Young ChefsTests */,
			);
		};
/* End PBXProject section */

/* Begin PBXResourcesBuildPhase section */
		CBA1261C1B03C368001C2488 /* Resources */ = {
			isa = PBXResourcesBuildPhase;
			buildActionMask = 2147483647;
			files = (
				CBA126291B03C368001C2488 /* Main.storyboard in Resources */,
				CBA1262E1B03C368001C2488 /* LaunchScreen.xib in Resources */,
				CBA1262B1B03C368001C2488 /* Images.xcassets in Resources */,
				CBA1264A1B03C5DB001C2488 /* HomeCollectionViewCell.xib in Resources */,
			);
			runOnlyForDeploymentPostprocessing = 0;
		};
		CBA126311B03C368001C2488 /* Resources */ = {
			isa = PBXResourcesBuildPhase;
			buildActionMask = 2147483647;
			files = (
			);
			runOnlyForDeploymentPostprocessing = 0;
		};
/* End PBXResourcesBuildPhase section */

/* Begin PBXSourcesBuildPhase section */
		CBA1261A1B03C368001C2488 /* Sources */ = {
			isa = PBXSourcesBuildPhase;
			buildActionMask = 2147483647;
			files = (
				CBA126241B03C368001C2488 /* AppDelegate.swift in Sources */,
				CBA126461B03C4CC001C2488 /* ExperimentViewController.swift in Sources */,
				CBA126441B03C41F001C2488 /* HomeViewController.swift in Sources */,
				CBA126491B03C5DB001C2488 /* HomeCollectionViewCell.swift in Sources */,
			);
			runOnlyForDeploymentPostprocessing = 0;
		};
		CBA1262F1B03C368001C2488 /* Sources */ = {
			isa = PBXSourcesBuildPhase;
			buildActionMask = 2147483647;
			files = (
				CBA1263A1B03C368001C2488 /* Young_ChefsTests.swift in Sources */,
			);
			runOnlyForDeploymentPostprocessing = 0;
		};
/* End PBXSourcesBuildPhase section */

/* Begin PBXTargetDependency section */
		CBA126351B03C368001C2488 /* PBXTargetDependency */ = {
			isa = PBXTargetDependency;
			target = CBA1261D1B03C368001C2488 /* Young Chefs */;
			targetProxy = CBA126341B03C368001C2488 /* PBXContainerItemProxy */;
		};
/* End PBXTargetDependency section */

/* Begin PBXVariantGroup section */
		CBA126271B03C368001C2488 /* Main.storyboard */ = {
			isa = PBXVariantGroup;
			children = (
				CBA126281B03C368001C2488 /* Base */,
			);
			name = Main.storyboard;
			sourceTree = "<group>";
		};
		CBA1262C1B03C368001C2488 /* LaunchScreen.xib */ = {
			isa = PBXVariantGroup;
			children = (
				CBA1262D1B03C368001C2488 /* Base */,
			);
			name = LaunchScreen.xib;
			sourceTree = "<group>";
		};
/* End PBXVariantGroup section */

/* Begin XCBuildConfiguration section */
		CBA1263B1B03C368001C2488 /* Debug */ = {
			isa = XCBuildConfiguration;
			buildSettings = {
				ALWAYS_SEARCH_USER_PATHS = NO;
				CLANG_CXX_LANGUAGE_STANDARD = "gnu++0x";
				CLANG_CXX_LIBRARY = "libc++";
				CLANG_ENABLE_MODULES = YES;
				CLANG_ENABLE_OBJC_ARC = YES;
				CLANG_WARN_BOOL_CONVERSION = YES;
				CLANG_WARN_CONSTANT_CONVERSION = YES;
				CLANG_WARN_DIRECT_OBJC_ISA_USAGE = YES_ERROR;
				CLANG_WARN_EMPTY_BODY = YES;
				CLANG_WARN_ENUM_CONVERSION = YES;
				CLANG_WARN_INT_CONVERSION = YES;
				CLANG_WARN_OBJC_ROOT_CLASS = YES_ERROR;
				CLANG_WARN_UNREACHABLE_CODE = YES;
				CLANG_WARN__DUPLICATE_METHOD_MATCH = YES;
				"CODE_SIGN_IDENTITY[sdk=iphoneos*]" = "iPhone Developer";
				COPY_PHASE_STRIP = NO;
				DEBUG_INFORMATION_FORMAT = "dwarf-with-dsym";
				ENABLE_STRICT_OBJC_MSGSEND = YES;
				GCC_C_LANGUAGE_STANDARD = gnu99;
				GCC_DYNAMIC_NO_PIC = NO;
				GCC_NO_COMMON_BLOCKS = YES;
				GCC_OPTIMIZATION_LEVEL = 0;
				GCC_PREPROCESSOR_DEFINITIONS = (
					"DEBUG=1",
					"$(inherited)",
				);
				GCC_SYMBOLS_PRIVATE_EXTERN = NO;
				GCC_WARN_64_TO_32_BIT_CONVERSION = YES;
				GCC_WARN_ABOUT_RETURN_TYPE = YES_ERROR;
				GCC_WARN_UNDECLARED_SELECTOR = YES;
				GCC_WARN_UNINITIALIZED_AUTOS = YES_AGGRESSIVE;
				GCC_WARN_UNUSED_FUNCTION = YES;
				GCC_WARN_UNUSED_VARIABLE = YES;
				IPHONEOS_DEPLOYMENT_TARGET = 8.3;
				MTL_ENABLE_DEBUG_INFO = YES;
				ONLY_ACTIVE_ARCH = YES;
				SDKROOT = iphoneos;
				SWIFT_OPTIMIZATION_LEVEL = "-Onone";
				TARGETED_DEVICE_FAMILY = 2;
			};
			name = Debug;
		};
		CBA1263C1B03C368001C2488 /* Release */ = {
			isa = XCBuildConfiguration;
			buildSettings = {
				ALWAYS_SEARCH_USER_PATHS = NO;
				CLANG_CXX_LANGUAGE_STANDARD = "gnu++0x";
				CLANG_CXX_LIBRARY = "libc++";
				CLANG_ENABLE_MODULES = YES;
				CLANG_ENABLE_OBJC_ARC = YES;
				CLANG_WARN_BOOL_CONVERSION = YES;
				CLANG_WARN_CONSTANT_CONVERSION = YES;
				CLANG_WARN_DIRECT_OBJC_ISA_USAGE = YES_ERROR;
				CLANG_WARN_EMPTY_BODY = YES;
				CLANG_WARN_ENUM_CONVERSION = YES;
				CLANG_WARN_INT_CONVERSION = YES;
				CLANG_WARN_OBJC_ROOT_CLASS = YES_ERROR;
				CLANG_WARN_UNREACHABLE_CODE = YES;
				CLANG_WARN__DUPLICATE_METHOD_MATCH = YES;
				"CODE_SIGN_IDENTITY[sdk=iphoneos*]" = "iPhone Developer";
				COPY_PHASE_STRIP = NO;
				DEBUG_INFORMATION_FORMAT = "dwarf-with-dsym";
				ENABLE_NS_ASSERTIONS = NO;
				ENABLE_STRICT_OBJC_MSGSEND = YES;
				GCC_C_LANGUAGE_STANDARD = gnu99;
				GCC_NO_COMMON_BLOCKS = YES;
				GCC_WARN_64_TO_32_BIT_CONVERSION = YES;
				GCC_WARN_ABOUT_RETURN_TYPE = YES_ERROR;
				GCC_WARN_UNDECLARED_SELECTOR = YES;
				GCC_WARN_UNINITIALIZED_AUTOS = YES_AGGRESSIVE;
				GCC_WARN_UNUSED_FUNCTION = YES;
				GCC_WARN_UNUSED_VARIABLE = YES;
				IPHONEOS_DEPLOYMENT_TARGET = 8.3;
				MTL_ENABLE_DEBUG_INFO = NO;
				SDKROOT = iphoneos;
				TARGETED_DEVICE_FAMILY = 2;
				VALIDATE_PRODUCT = YES;
			};
			name = Release;
		};
		CBA1263E1B03C368001C2488 /* Debug */ = {
			isa = XCBuildConfiguration;
			buildSettings = {
				ASSETCATALOG_COMPILER_APPICON_NAME = AppIcon;
				INFOPLIST_FILE = "Young Chefs/Info.plist";
				LD_RUNPATH_SEARCH_PATHS = "$(inherited) @executable_path/Frameworks";
				PRODUCT_NAME = "$(TARGET_NAME)";
			};
			name = Debug;
		};
		CBA1263F1B03C368001C2488 /* Release */ = {
			isa = XCBuildConfiguration;
			buildSettings = {
				ASSETCATALOG_COMPILER_APPICON_NAME = AppIcon;
				INFOPLIST_FILE = "Young Chefs/Info.plist";
				LD_RUNPATH_SEARCH_PATHS = "$(inherited) @executable_path/Frameworks";
				PRODUCT_NAME = "$(TARGET_NAME)";
			};
			name = Release;
		};
		CBA126411B03C368001C2488 /* Debug */ = {
			isa = XCBuildConfiguration;
			buildSettings = {
				BUNDLE_LOADER = "$(TEST_HOST)";
				FRAMEWORK_SEARCH_PATHS = (
					"$(SDKROOT)/Developer/Library/Frameworks",
					"$(inherited)",
				);
				GCC_PREPROCESSOR_DEFINITIONS = (
					"DEBUG=1",
					"$(inherited)",
				);
				INFOPLIST_FILE = "Young ChefsTests/Info.plist";
				LD_RUNPATH_SEARCH_PATHS = "$(inherited) @executable_path/Frameworks @loader_path/Frameworks";
				PRODUCT_NAME = "$(TARGET_NAME)";
				TEST_HOST = "$(BUILT_PRODUCTS_DIR)/Young Chefs.app/Young Chefs";
			};
			name = Debug;
		};
		CBA126421B03C368001C2488 /* Release */ = {
			isa = XCBuildConfiguration;
			buildSettings = {
				BUNDLE_LOADER = "$(TEST_HOST)";
				FRAMEWORK_SEARCH_PATHS = (
					"$(SDKROOT)/Developer/Library/Frameworks",
					"$(inherited)",
				);
				INFOPLIST_FILE = "Young ChefsTests/Info.plist";
				LD_RUNPATH_SEARCH_PATHS = "$(inherited) @executable_path/Frameworks @loader_path/Frameworks";
				PRODUCT_NAME = "$(TARGET_NAME)";
				TEST_HOST = "$(BUILT_PRODUCTS_DIR)/Young Chefs.app/Young Chefs";
			};
			name = Release;
		};
/* End XCBuildConfiguration section */

/* Begin XCConfigurationList section */
		CBA126191B03C368001C2488 /* Build configuration list for PBXProject "Young Chefs" */ = {
			isa = XCConfigurationList;
			buildConfigurations = (
				CBA1263B1B03C368001C2488 /* Debug */,
				CBA1263C1B03C368001C2488 /* Release */,
			);
			defaultConfigurationIsVisible = 0;
			defaultConfigurationName = Release;
		};
		CBA1263D1B03C368001C2488 /* Build configuration list for PBXNativeTarget "Young Chefs" */ = {
			isa = XCConfigurationList;
			buildConfigurations = (
				CBA1263E1B03C368001C2488 /* Debug */,
				CBA1263F1B03C368001C2488 /* Release */,
			);
			defaultConfigurationIsVisible = 0;
		};
		CBA126401B03C368001C2488 /* Build configuration list for PBXNativeTarget "Young ChefsTests" */ = {
			isa = XCConfigurationList;
			buildConfigurations = (
				CBA126411B03C368001C2488 /* Debug */,
				CBA126421B03C368001C2488 /* Release */,
			);
			defaultConfigurationIsVisible = 0;
		};
/* End XCConfigurationList section */
	};
	rootObject = CBA126161B03C368001C2488 /* Project object */;
}
